// !$*UTF8*$!
{
	archiveVersion = 1;
	classes = {
	};
	objectVersion = 77;
	objects = {

/* Begin PBXBuildFile section */
		96417E072EBE55F4002DFB97 /* asyncHandler.js in Resources */ = {isa = PBXBuildFile; fileRef = 96417DF22EBE55F4002DFB97 /* asyncHandler.js */; };
		96417E082EBE55F4002DFB97 /* userController.js in Resources */ = {isa = PBXBuildFile; fileRef = 96417DEE2EBE55F4002DFB97 /* userController.js */; };
		96417E092EBE55F4002DFB97 /* errorHandler.js in Resources */ = {isa = PBXBuildFile; fileRef = 96417DF32EBE55F4002DFB97 /* errorHandler.js */; };
		96417E0A2EBE55F4002DFB97 /* mongo.js in Resources */ = {isa = PBXBuildFile; fileRef = 96417DF02EBE55F4002DFB97 /* mongo.js */; };
		96417E0B2EBE55F4002DFB97 /* familyModel.js in Resources */ = {isa = PBXBuildFile; fileRef = 96417DF62EBE55F4002DFB97 /* familyModel.js */; };
		96417E0C2EBE55F4002DFB97 /* jwt.js in Resources */ = {isa = PBXBuildFile; fileRef = 96417DFF2EBE55F4002DFB97 /* jwt.js */; };
		96417E0D2EBE55F4002DFB97 /* userModel.js in Resources */ = {isa = PBXBuildFile; fileRef = 96417DF72EBE55F4002DFB97 /* userModel.js */; };
		96417E0E2EBE55F4002DFB97 /* users.js in Resources */ = {isa = PBXBuildFile; fileRef = 96417DFB2EBE55F4002DFB97 /* users.js */; };
		96417E0F2EBE55F4002DFB97 /* auth.js in Resources */ = {isa = PBXBuildFile; fileRef = 96417DF92EBE55F4002DFB97 /* auth.js */; };
		96417E102EBE55F4002DFB97 /* index.js in Resources */ = {isa = PBXBuildFile; fileRef = 96417E022EBE55F4002DFB97 /* index.js */; };
		96417E112EBE55F4002DFB97 /* serializers.js in Resources */ = {isa = PBXBuildFile; fileRef = 96417E002EBE55F4002DFB97 /* serializers.js */; };
		96417E122EBE55F4002DFB97 /* package.json in Resources */ = {isa = PBXBuildFile; fileRef = 96417E052EBE55F4002DFB97 /* package.json */; };
		96417E132EBE55F4002DFB97 /* requireAuth.js in Resources */ = {isa = PBXBuildFile; fileRef = 96417DF42EBE55F4002DFB97 /* requireAuth.js */; };
		96417E142EBE55F4002DFB97 /* appleAuth.js in Resources */ = {isa = PBXBuildFile; fileRef = 96417DFD2EBE55F4002DFB97 /* appleAuth.js */; };
		96417E152EBE55F4002DFB97 /* .env in Resources */ = {isa = PBXBuildFile; fileRef = 96417E042EBE55F4002DFB97 /* .env */; };
		96417E162EBE55F4002DFB97 /* authController.js in Resources */ = {isa = PBXBuildFile; fileRef = 96417DED2EBE55F4002DFB97 /* authController.js */; };
		96417E172EBE55F4002DFB97 /* families.js in Resources */ = {isa = PBXBuildFile; fileRef = 96417DFA2EBE55F4002DFB97 /* families.js */; };
		9647C7102EC38148008B79B8 /* .gitignore in Resources */ = {isa = PBXBuildFile; fileRef = 9647C70F2EC38139008B79B8 /* .gitignore */; };
/* End PBXBuildFile section */

/* Begin PBXContainerItemProxy section */
		966A571C2DCA2F5C00879ACA /* PBXContainerItemProxy */ = {
			isa = PBXContainerItemProxy;
			containerPortal = 966A57022DCA2F5A00879ACA /* Project object */;
			proxyType = 1;
			remoteGlobalIDString = 966A57092DCA2F5A00879ACA;
			remoteInfo = HatchEd;
		};
		966A57262DCA2F5C00879ACA /* PBXContainerItemProxy */ = {
			isa = PBXContainerItemProxy;
			containerPortal = 966A57022DCA2F5A00879ACA /* Project object */;
			proxyType = 1;
			remoteGlobalIDString = 966A57092DCA2F5A00879ACA;
			remoteInfo = HatchEd;
		};
/* End PBXContainerItemProxy section */

/* Begin PBXFileReference section */
		96417DED2EBE55F4002DFB97 /* authController.js */ = {isa = PBXFileReference; lastKnownFileType = sourcecode.javascript; path = authController.js; sourceTree = "<group>"; };
		96417DEE2EBE55F4002DFB97 /* userController.js */ = {isa = PBXFileReference; lastKnownFileType = sourcecode.javascript; path = userController.js; sourceTree = "<group>"; };
		96417DF02EBE55F4002DFB97 /* mongo.js */ = {isa = PBXFileReference; lastKnownFileType = sourcecode.javascript; path = mongo.js; sourceTree = "<group>"; };
		96417DF22EBE55F4002DFB97 /* asyncHandler.js */ = {isa = PBXFileReference; lastKnownFileType = sourcecode.javascript; path = asyncHandler.js; sourceTree = "<group>"; };
		96417DF32EBE55F4002DFB97 /* errorHandler.js */ = {isa = PBXFileReference; lastKnownFileType = sourcecode.javascript; path = errorHandler.js; sourceTree = "<group>"; };
		96417DF42EBE55F4002DFB97 /* requireAuth.js */ = {isa = PBXFileReference; lastKnownFileType = sourcecode.javascript; path = requireAuth.js; sourceTree = "<group>"; };
		96417DF62EBE55F4002DFB97 /* familyModel.js */ = {isa = PBXFileReference; lastKnownFileType = sourcecode.javascript; path = familyModel.js; sourceTree = "<group>"; };
		96417DF72EBE55F4002DFB97 /* userModel.js */ = {isa = PBXFileReference; lastKnownFileType = sourcecode.javascript; path = userModel.js; sourceTree = "<group>"; };
		96417DF92EBE55F4002DFB97 /* auth.js */ = {isa = PBXFileReference; lastKnownFileType = sourcecode.javascript; path = auth.js; sourceTree = "<group>"; };
		96417DFA2EBE55F4002DFB97 /* families.js */ = {isa = PBXFileReference; lastKnownFileType = sourcecode.javascript; path = families.js; sourceTree = "<group>"; };
		96417DFB2EBE55F4002DFB97 /* users.js */ = {isa = PBXFileReference; lastKnownFileType = sourcecode.javascript; path = users.js; sourceTree = "<group>"; };
		96417DFD2EBE55F4002DFB97 /* appleAuth.js */ = {isa = PBXFileReference; lastKnownFileType = sourcecode.javascript; path = appleAuth.js; sourceTree = "<group>"; };
		96417DFF2EBE55F4002DFB97 /* jwt.js */ = {isa = PBXFileReference; lastKnownFileType = sourcecode.javascript; path = jwt.js; sourceTree = "<group>"; };
		96417E002EBE55F4002DFB97 /* serializers.js */ = {isa = PBXFileReference; lastKnownFileType = sourcecode.javascript; path = serializers.js; sourceTree = "<group>"; };
		96417E022EBE55F4002DFB97 /* index.js */ = {isa = PBXFileReference; lastKnownFileType = sourcecode.javascript; path = index.js; sourceTree = "<group>"; };
		96417E042EBE55F4002DFB97 /* .env */ = {isa = PBXFileReference; lastKnownFileType = text; path = .env; sourceTree = "<group>"; };
		96417E052EBE55F4002DFB97 /* package.json */ = {isa = PBXFileReference; lastKnownFileType = text.json; path = package.json; sourceTree = "<group>"; };
		9647C70F2EC38139008B79B8 /* .gitignore */ = {isa = PBXFileReference; lastKnownFileType = text; path = .gitignore; sourceTree = "<group>"; };
		966A570A2DCA2F5A00879ACA /* HatchEd.app */ = {isa = PBXFileReference; explicitFileType = wrapper.application; includeInIndex = 0; path = HatchEd.app; sourceTree = BUILT_PRODUCTS_DIR; };
		966A571B2DCA2F5C00879ACA /* HatchEdTests.xctest */ = {isa = PBXFileReference; explicitFileType = wrapper.cfbundle; includeInIndex = 0; path = HatchEdTests.xctest; sourceTree = BUILT_PRODUCTS_DIR; };
		966A57252DCA2F5C00879ACA /* HatchEdUITests.xctest */ = {isa = PBXFileReference; explicitFileType = wrapper.cfbundle; includeInIndex = 0; path = HatchEdUITests.xctest; sourceTree = BUILT_PRODUCTS_DIR; };
/* End PBXFileReference section */

/* Begin PBXFileSystemSynchronizedBuildFileExceptionSet section */
		966A572D2DCA2F5C00879ACA /* Exceptions for "HatchEd" folder in "HatchEd" target */ = {
			isa = PBXFileSystemSynchronizedBuildFileExceptionSet;
			membershipExceptions = (
				Info.plist,
			);
			target = 966A57092DCA2F5A00879ACA /* HatchEd */;
		};
/* End PBXFileSystemSynchronizedBuildFileExceptionSet section */

/* Begin PBXFileSystemSynchronizedRootGroup section */
		966A570C2DCA2F5A00879ACA /* HatchEd */ = {
			isa = PBXFileSystemSynchronizedRootGroup;
			exceptions = (
				966A572D2DCA2F5C00879ACA /* Exceptions for "HatchEd" folder in "HatchEd" target */,
			);
			path = HatchEd;
			sourceTree = "<group>";
		};
		966A571E2DCA2F5C00879ACA /* HatchEdTests */ = {
			isa = PBXFileSystemSynchronizedRootGroup;
			path = HatchEdTests;
			sourceTree = "<group>";
		};
		966A57282DCA2F5C00879ACA /* HatchEdUITests */ = {
			isa = PBXFileSystemSynchronizedRootGroup;
			path = HatchEdUITests;
			sourceTree = "<group>";
		};
/* End PBXFileSystemSynchronizedRootGroup section */

/* Begin PBXFrameworksBuildPhase section */
		966A57072DCA2F5A00879ACA /* Frameworks */ = {
			isa = PBXFrameworksBuildPhase;
			buildActionMask = 2147483647;
			files = (
			);
			runOnlyForDeploymentPostprocessing = 0;
		};
		966A57182DCA2F5C00879ACA /* Frameworks */ = {
			isa = PBXFrameworksBuildPhase;
			buildActionMask = 2147483647;
			files = (
			);
			runOnlyForDeploymentPostprocessing = 0;
		};
		966A57222DCA2F5C00879ACA /* Frameworks */ = {
			isa = PBXFrameworksBuildPhase;
			buildActionMask = 2147483647;
			files = (
			);
			runOnlyForDeploymentPostprocessing = 0;
		};
/* End PBXFrameworksBuildPhase section */

/* Begin PBXGroup section */
		96417DEF2EBE55F4002DFB97 /* controllers */ = {
			isa = PBXGroup;
			children = (
				96417DED2EBE55F4002DFB97 /* authController.js */,
				96417DEE2EBE55F4002DFB97 /* userController.js */,
			);
			path = controllers;
			sourceTree = "<group>";
		};
		96417DF12EBE55F4002DFB97 /* lib */ = {
			isa = PBXGroup;
			children = (
				96417DF02EBE55F4002DFB97 /* mongo.js */,
			);
			path = lib;
			sourceTree = "<group>";
		};
		96417DF52EBE55F4002DFB97 /* middleware */ = {
			isa = PBXGroup;
			children = (
				96417DF22EBE55F4002DFB97 /* asyncHandler.js */,
				96417DF32EBE55F4002DFB97 /* errorHandler.js */,
				96417DF42EBE55F4002DFB97 /* requireAuth.js */,
			);
			path = middleware;
			sourceTree = "<group>";
		};
		96417DF82EBE55F4002DFB97 /* models */ = {
			isa = PBXGroup;
			children = (
				96417DF62EBE55F4002DFB97 /* familyModel.js */,
				96417DF72EBE55F4002DFB97 /* userModel.js */,
			);
			path = models;
			sourceTree = "<group>";
		};
		96417DFC2EBE55F4002DFB97 /* routes */ = {
			isa = PBXGroup;
			children = (
				96417DF92EBE55F4002DFB97 /* auth.js */,
				96417DFA2EBE55F4002DFB97 /* families.js */,
				96417DFB2EBE55F4002DFB97 /* users.js */,
			);
			path = routes;
			sourceTree = "<group>";
		};
		96417DFE2EBE55F4002DFB97 /* services */ = {
			isa = PBXGroup;
			children = (
				96417DFD2EBE55F4002DFB97 /* appleAuth.js */,
			);
			path = services;
			sourceTree = "<group>";
		};
		96417E012EBE55F4002DFB97 /* utils */ = {
			isa = PBXGroup;
			children = (
				96417DFF2EBE55F4002DFB97 /* jwt.js */,
				96417E002EBE55F4002DFB97 /* serializers.js */,
			);
			path = utils;
			sourceTree = "<group>";
		};
		96417E032EBE55F4002DFB97 /* src */ = {
			isa = PBXGroup;
			children = (
				96417DEF2EBE55F4002DFB97 /* controllers */,
				96417DF12EBE55F4002DFB97 /* lib */,
				96417DF52EBE55F4002DFB97 /* middleware */,
				96417DF82EBE55F4002DFB97 /* models */,
				96417DFC2EBE55F4002DFB97 /* routes */,
				96417DFE2EBE55F4002DFB97 /* services */,
				96417E012EBE55F4002DFB97 /* utils */,
				96417E022EBE55F4002DFB97 /* index.js */,
			);
			path = src;
			sourceTree = "<group>";
		};
		96417E062EBE55F4002DFB97 /* server */ = {
			isa = PBXGroup;
			children = (
				96417E032EBE55F4002DFB97 /* src */,
				96417E042EBE55F4002DFB97 /* .env */,
				96417E052EBE55F4002DFB97 /* package.json */,
			);
			path = server;
			sourceTree = "<group>";
		};
		966A57012DCA2F5A00879ACA = {
			isa = PBXGroup;
			children = (
				96417E062EBE55F4002DFB97 /* server */,
				966A570C2DCA2F5A00879ACA /* HatchEd */,
				966A571E2DCA2F5C00879ACA /* HatchEdTests */,
				966A57282DCA2F5C00879ACA /* HatchEdUITests */,
				966A570B2DCA2F5A00879ACA /* Products */,
				9647C70F2EC38139008B79B8 /* .gitignore */,
			);
			sourceTree = "<group>";
		};
		966A570B2DCA2F5A00879ACA /* Products */ = {
			isa = PBXGroup;
			children = (
				966A570A2DCA2F5A00879ACA /* HatchEd.app */,
				966A571B2DCA2F5C00879ACA /* HatchEdTests.xctest */,
				966A57252DCA2F5C00879ACA /* HatchEdUITests.xctest */,
			);
			name = Products;
			sourceTree = "<group>";
		};
/* End PBXGroup section */

/* Begin PBXNativeTarget section */
		966A57092DCA2F5A00879ACA /* HatchEd */ = {
			isa = PBXNativeTarget;
			buildConfigurationList = 966A572E2DCA2F5C00879ACA /* Build configuration list for PBXNativeTarget "HatchEd" */;
			buildPhases = (
				966A57062DCA2F5A00879ACA /* Sources */,
				966A57072DCA2F5A00879ACA /* Frameworks */,
				966A57082DCA2F5A00879ACA /* Resources */,
			);
			buildRules = (
			);
			dependencies = (
			);
			fileSystemSynchronizedGroups = (
				966A570C2DCA2F5A00879ACA /* HatchEd */,
			);
			name = HatchEd;
			packageProductDependencies = (
			);
			productName = HatchEd;
			productReference = 966A570A2DCA2F5A00879ACA /* HatchEd.app */;
			productType = "com.apple.product-type.application";
		};
		966A571A2DCA2F5C00879ACA /* HatchEdTests */ = {
			isa = PBXNativeTarget;
			buildConfigurationList = 966A57332DCA2F5C00879ACA /* Build configuration list for PBXNativeTarget "HatchEdTests" */;
			buildPhases = (
				966A57172DCA2F5C00879ACA /* Sources */,
				966A57182DCA2F5C00879ACA /* Frameworks */,
				966A57192DCA2F5C00879ACA /* Resources */,
			);
			buildRules = (
			);
			dependencies = (
				966A571D2DCA2F5C00879ACA /* PBXTargetDependency */,
			);
			fileSystemSynchronizedGroups = (
				966A571E2DCA2F5C00879ACA /* HatchEdTests */,
			);
			name = HatchEdTests;
			packageProductDependencies = (
			);
			productName = HatchEdTests;
			productReference = 966A571B2DCA2F5C00879ACA /* HatchEdTests.xctest */;
			productType = "com.apple.product-type.bundle.unit-test";
		};
		966A57242DCA2F5C00879ACA /* HatchEdUITests */ = {
			isa = PBXNativeTarget;
			buildConfigurationList = 966A57362DCA2F5C00879ACA /* Build configuration list for PBXNativeTarget "HatchEdUITests" */;
			buildPhases = (
				966A57212DCA2F5C00879ACA /* Sources */,
				966A57222DCA2F5C00879ACA /* Frameworks */,
				966A57232DCA2F5C00879ACA /* Resources */,
			);
			buildRules = (
			);
			dependencies = (
				966A57272DCA2F5C00879ACA /* PBXTargetDependency */,
			);
			fileSystemSynchronizedGroups = (
				966A57282DCA2F5C00879ACA /* HatchEdUITests */,
			);
			name = HatchEdUITests;
			packageProductDependencies = (
			);
			productName = HatchEdUITests;
			productReference = 966A57252DCA2F5C00879ACA /* HatchEdUITests.xctest */;
			productType = "com.apple.product-type.bundle.ui-testing";
		};
/* End PBXNativeTarget section */

/* Begin PBXProject section */
		966A57022DCA2F5A00879ACA /* Project object */ = {
			isa = PBXProject;
			attributes = {
				BuildIndependentTargetsInParallel = 1;
				LastSwiftUpdateCheck = 1630;
				LastUpgradeCheck = 2610;
				TargetAttributes = {
					966A57092DCA2F5A00879ACA = {
						CreatedOnToolsVersion = 16.3;
					};
					966A571A2DCA2F5C00879ACA = {
						CreatedOnToolsVersion = 16.3;
						TestTargetID = 966A57092DCA2F5A00879ACA;
					};
					966A57242DCA2F5C00879ACA = {
						CreatedOnToolsVersion = 16.3;
						TestTargetID = 966A57092DCA2F5A00879ACA;
					};
				};
			};
			buildConfigurationList = 966A57052DCA2F5A00879ACA /* Build configuration list for PBXProject "HatchEd" */;
			developmentRegion = en;
			hasScannedForEncodings = 0;
			knownRegions = (
				en,
				Base,
			);
			mainGroup = 966A57012DCA2F5A00879ACA;
			minimizedProjectReferenceProxies = 1;
			preferredProjectObjectVersion = 77;
			productRefGroup = 966A570B2DCA2F5A00879ACA /* Products */;
			projectDirPath = "";
			projectRoot = "";
			targets = (
				966A57092DCA2F5A00879ACA /* HatchEd */,
				966A571A2DCA2F5C00879ACA /* HatchEdTests */,
				966A57242DCA2F5C00879ACA /* HatchEdUITests */,
			);
		};
/* End PBXProject section */

/* Begin PBXResourcesBuildPhase section */
		966A57082DCA2F5A00879ACA /* Resources */ = {
			isa = PBXResourcesBuildPhase;
			buildActionMask = 2147483647;
			files = (
				96417E072EBE55F4002DFB97 /* asyncHandler.js in Resources */,
				96417E082EBE55F4002DFB97 /* userController.js in Resources */,
				96417E092EBE55F4002DFB97 /* errorHandler.js in Resources */,
				96417E0A2EBE55F4002DFB97 /* mongo.js in Resources */,
				96417E0B2EBE55F4002DFB97 /* familyModel.js in Resources */,
				96417E0C2EBE55F4002DFB97 /* jwt.js in Resources */,
				96417E0D2EBE55F4002DFB97 /* userModel.js in Resources */,
				96417E0E2EBE55F4002DFB97 /* users.js in Resources */,
				96417E0F2EBE55F4002DFB97 /* auth.js in Resources */,
				96417E102EBE55F4002DFB97 /* index.js in Resources */,
				96417E112EBE55F4002DFB97 /* serializers.js in Resources */,
				9647C7102EC38148008B79B8 /* .gitignore in Resources */,
				96417E122EBE55F4002DFB97 /* package.json in Resources */,
				96417E132EBE55F4002DFB97 /* requireAuth.js in Resources */,
				96417E142EBE55F4002DFB97 /* appleAuth.js in Resources */,
				96417E152EBE55F4002DFB97 /* .env in Resources */,
				96417E162EBE55F4002DFB97 /* authController.js in Resources */,
				96417E172EBE55F4002DFB97 /* families.js in Resources */,
			);
			runOnlyForDeploymentPostprocessing = 0;
		};
		966A57192DCA2F5C00879ACA /* Resources */ = {
			isa = PBXResourcesBuildPhase;
			buildActionMask = 2147483647;
			files = (
			);
			runOnlyForDeploymentPostprocessing = 0;
		};
		966A57232DCA2F5C00879ACA /* Resources */ = {
			isa = PBXResourcesBuildPhase;
			buildActionMask = 2147483647;
			files = (
			);
			runOnlyForDeploymentPostprocessing = 0;
		};
/* End PBXResourcesBuildPhase section */

/* Begin PBXSourcesBuildPhase section */
		966A57062DCA2F5A00879ACA /* Sources */ = {
			isa = PBXSourcesBuildPhase;
			buildActionMask = 2147483647;
			files = (
			);
			runOnlyForDeploymentPostprocessing = 0;
		};
		966A57172DCA2F5C00879ACA /* Sources */ = {
			isa = PBXSourcesBuildPhase;
			buildActionMask = 2147483647;
			files = (
			);
			runOnlyForDeploymentPostprocessing = 0;
		};
		966A57212DCA2F5C00879ACA /* Sources */ = {
			isa = PBXSourcesBuildPhase;
			buildActionMask = 2147483647;
			files = (
			);
			runOnlyForDeploymentPostprocessing = 0;
		};
/* End PBXSourcesBuildPhase section */

/* Begin PBXTargetDependency section */
		966A571D2DCA2F5C00879ACA /* PBXTargetDependency */ = {
			isa = PBXTargetDependency;
			target = 966A57092DCA2F5A00879ACA /* HatchEd */;
			targetProxy = 966A571C2DCA2F5C00879ACA /* PBXContainerItemProxy */;
		};
		966A57272DCA2F5C00879ACA /* PBXTargetDependency */ = {
			isa = PBXTargetDependency;
			target = 966A57092DCA2F5A00879ACA /* HatchEd */;
			targetProxy = 966A57262DCA2F5C00879ACA /* PBXContainerItemProxy */;
		};
/* End PBXTargetDependency section */

/* Begin XCBuildConfiguration section */
		966A572F2DCA2F5C00879ACA /* Debug */ = {
			isa = XCBuildConfiguration;
			buildSettings = {
				ASSETCATALOG_COMPILER_APPICON_NAME = AppIcon;
				ASSETCATALOG_COMPILER_GLOBAL_ACCENT_COLOR_NAME = AccentColor;
				CODE_SIGN_ENTITLEMENTS = HatchEd/HatchEd.entitlements;
				CODE_SIGN_IDENTITY = "Apple Development";
				CODE_SIGN_STYLE = Automatic;
				CURRENT_PROJECT_VERSION = 1;
				DEVELOPMENT_TEAM = 47U4934726;
				ENABLE_APP_SANDBOX = YES;
				ENABLE_PREVIEWS = YES;
				ENABLE_USER_SELECTED_FILES = readonly;
				GENERATE_INFOPLIST_FILE = YES;
				INFOPLIST_FILE = HatchEd/Info.plist;
				INFOPLIST_KEY_LSApplicationCategoryType = "public.app-category.education";
				INFOPLIST_KEY_NSUserTrackingUsageDescription = "We use your iCloud account to securely sign you in and sync your data across devices.\nWe use your iCloud account to securely sign you in and sync your data across devices.\nWe use your iCloud account to securely sign you in and sync your data across devices.\n";
				INFOPLIST_KEY_UIApplicationSceneManifest_Generation = YES;
				INFOPLIST_KEY_UIApplicationSupportsIndirectInputEvents = YES;
				INFOPLIST_KEY_UILaunchScreen_Generation = YES;
				INFOPLIST_KEY_UISupportedInterfaceOrientations_iPad = "UIInterfaceOrientationPortrait UIInterfaceOrientationPortraitUpsideDown UIInterfaceOrientationLandscapeLeft UIInterfaceOrientationLandscapeRight";
				INFOPLIST_KEY_UISupportedInterfaceOrientations_iPhone = "UIInterfaceOrientationPortrait UIInterfaceOrientationLandscapeLeft UIInterfaceOrientationLandscapeRight";
				LD_RUNPATH_SEARCH_PATHS = (
					"$(inherited)",
					"@executable_path/Frameworks",
				);
				MARKETING_VERSION = 1.0;
				PRODUCT_BUNDLE_IDENTIFIER = com.sandijunker.HatchEd;
				PRODUCT_NAME = "$(TARGET_NAME)";
				PROVISIONING_PROFILE_SPECIFIER = "";
				SWIFT_EMIT_LOC_STRINGS = YES;
				SWIFT_VERSION = 5.0;
				TARGETED_DEVICE_FAMILY = "1,2";
			};
			name = Debug;
		};
		966A57302DCA2F5C00879ACA /* Release */ = {
			isa = XCBuildConfiguration;
			buildSettings = {
				ASSETCATALOG_COMPILER_APPICON_NAME = AppIcon;
				ASSETCATALOG_COMPILER_GLOBAL_ACCENT_COLOR_NAME = AccentColor;
				CODE_SIGN_ENTITLEMENTS = HatchEd/HatchEd.entitlements;
				CODE_SIGN_IDENTITY = "Apple Development";
				CODE_SIGN_STYLE = Automatic;
				CURRENT_PROJECT_VERSION = 1;
				DEVELOPMENT_TEAM = 47U4934726;
				ENABLE_APP_SANDBOX = YES;
				ENABLE_PREVIEWS = YES;
				ENABLE_USER_SELECTED_FILES = readonly;
				GENERATE_INFOPLIST_FILE = YES;
				INFOPLIST_FILE = HatchEd/Info.plist;
				INFOPLIST_KEY_LSApplicationCategoryType = "public.app-category.education";
				INFOPLIST_KEY_NSUserTrackingUsageDescription = "We use your iCloud account to securely sign you in and sync your data across devices.\nWe use your iCloud account to securely sign you in and sync your data across devices.\nWe use your iCloud account to securely sign you in and sync your data across devices.\n";
				INFOPLIST_KEY_UIApplicationSceneManifest_Generation = YES;
				INFOPLIST_KEY_UIApplicationSupportsIndirectInputEvents = YES;
				INFOPLIST_KEY_UILaunchScreen_Generation = YES;
				INFOPLIST_KEY_UISupportedInterfaceOrientations_iPad = "UIInterfaceOrientationPortrait UIInterfaceOrientationPortraitUpsideDown UIInterfaceOrientationLandscapeLeft UIInterfaceOrientationLandscapeRight";
				INFOPLIST_KEY_UISupportedInterfaceOrientations_iPhone = "UIInterfaceOrientationPortrait UIInterfaceOrientationLandscapeLeft UIInterfaceOrientationLandscapeRight";
				LD_RUNPATH_SEARCH_PATHS = (
					"$(inherited)",
					"@executable_path/Frameworks",
				);
				MARKETING_VERSION = 1.0;
				PRODUCT_BUNDLE_IDENTIFIER = com.sandijunker.HatchEd;
				PRODUCT_NAME = "$(TARGET_NAME)";
				PROVISIONING_PROFILE_SPECIFIER = "";
				SWIFT_EMIT_LOC_STRINGS = YES;
				SWIFT_VERSION = 5.0;
				TARGETED_DEVICE_FAMILY = "1,2";
			};
			name = Release;
		};
		966A57312DCA2F5C00879ACA /* Debug */ = {
			isa = XCBuildConfiguration;
			buildSettings = {
				ALWAYS_SEARCH_USER_PATHS = NO;
				ASSETCATALOG_COMPILER_GENERATE_SWIFT_ASSET_SYMBOL_EXTENSIONS = YES;
				CLANG_ANALYZER_NONNULL = YES;
				CLANG_ANALYZER_NUMBER_OBJECT_CONVERSION = YES_AGGRESSIVE;
				CLANG_CXX_LANGUAGE_STANDARD = "gnu++20";
				CLANG_ENABLE_MODULES = YES;
				CLANG_ENABLE_OBJC_ARC = YES;
				CLANG_ENABLE_OBJC_WEAK = YES;
				CLANG_WARN_BLOCK_CAPTURE_AUTORELEASING = YES;
				CLANG_WARN_BOOL_CONVERSION = YES;
				CLANG_WARN_COMMA = YES;
				CLANG_WARN_CONSTANT_CONVERSION = YES;
				CLANG_WARN_DEPRECATED_OBJC_IMPLEMENTATIONS = YES;
				CLANG_WARN_DIRECT_OBJC_ISA_USAGE = YES_ERROR;
				CLANG_WARN_DOCUMENTATION_COMMENTS = YES;
				CLANG_WARN_EMPTY_BODY = YES;
				CLANG_WARN_ENUM_CONVERSION = YES;
				CLANG_WARN_INFINITE_RECURSION = YES;
				CLANG_WARN_INT_CONVERSION = YES;
				CLANG_WARN_NON_LITERAL_NULL_CONVERSION = YES;
				CLANG_WARN_OBJC_IMPLICIT_RETAIN_SELF = YES;
				CLANG_WARN_OBJC_LITERAL_CONVERSION = YES;
				CLANG_WARN_OBJC_ROOT_CLASS = YES_ERROR;
				CLANG_WARN_QUOTED_INCLUDE_IN_FRAMEWORK_HEADER = YES;
				CLANG_WARN_RANGE_LOOP_ANALYSIS = YES;
				CLANG_WARN_STRICT_PROTOTYPES = YES;
				CLANG_WARN_SUSPICIOUS_MOVE = YES;
				CLANG_WARN_UNGUARDED_AVAILABILITY = YES_AGGRESSIVE;
				CLANG_WARN_UNREACHABLE_CODE = YES;
				CLANG_WARN__DUPLICATE_METHOD_MATCH = YES;
				COPY_PHASE_STRIP = NO;
				DEBUG_INFORMATION_FORMAT = dwarf;
				DEVELOPMENT_TEAM = 47U4934726;
				ENABLE_STRICT_OBJC_MSGSEND = YES;
				ENABLE_TESTABILITY = YES;
				ENABLE_USER_SCRIPT_SANDBOXING = YES;
				GCC_C_LANGUAGE_STANDARD = gnu17;
				GCC_DYNAMIC_NO_PIC = NO;
				GCC_NO_COMMON_BLOCKS = YES;
				GCC_OPTIMIZATION_LEVEL = 0;
				GCC_PREPROCESSOR_DEFINITIONS = (
					"DEBUG=1",
					"$(inherited)",
				);
				GCC_WARN_64_TO_32_BIT_CONVERSION = YES;
				GCC_WARN_ABOUT_RETURN_TYPE = YES_ERROR;
				GCC_WARN_UNDECLARED_SELECTOR = YES;
				GCC_WARN_UNINITIALIZED_AUTOS = YES_AGGRESSIVE;
				GCC_WARN_UNUSED_FUNCTION = YES;
				GCC_WARN_UNUSED_VARIABLE = YES;
				IPHONEOS_DEPLOYMENT_TARGET = 18.4;
				LOCALIZATION_PREFERS_STRING_CATALOGS = YES;
				MTL_ENABLE_DEBUG_INFO = INCLUDE_SOURCE;
				MTL_FAST_MATH = YES;
				ONLY_ACTIVE_ARCH = YES;
				SDKROOT = iphoneos;
				STRING_CATALOG_GENERATE_SYMBOLS = YES;
				SWIFT_ACTIVE_COMPILATION_CONDITIONS = "DEBUG $(inherited)";
				SWIFT_OPTIMIZATION_LEVEL = "-Onone";
			};
			name = Debug;
		};
		966A57322DCA2F5C00879ACA /* Release */ = {
			isa = XCBuildConfiguration;
			buildSettings = {
				ALWAYS_SEARCH_USER_PATHS = NO;
				ASSETCATALOG_COMPILER_GENERATE_SWIFT_ASSET_SYMBOL_EXTENSIONS = YES;
				CLANG_ANALYZER_NONNULL = YES;
				CLANG_ANALYZER_NUMBER_OBJECT_CONVERSION = YES_AGGRESSIVE;
				CLANG_CXX_LANGUAGE_STANDARD = "gnu++20";
				CLANG_ENABLE_MODULES = YES;
				CLANG_ENABLE_OBJC_ARC = YES;
				CLANG_ENABLE_OBJC_WEAK = YES;
				CLANG_WARN_BLOCK_CAPTURE_AUTORELEASING = YES;
				CLANG_WARN_BOOL_CONVERSION = YES;
				CLANG_WARN_COMMA = YES;
				CLANG_WARN_CONSTANT_CONVERSION = YES;
				CLANG_WARN_DEPRECATED_OBJC_IMPLEMENTATIONS = YES;
				CLANG_WARN_DIRECT_OBJC_ISA_USAGE = YES_ERROR;
				CLANG_WARN_DOCUMENTATION_COMMENTS = YES;
				CLANG_WARN_EMPTY_BODY = YES;
				CLANG_WARN_ENUM_CONVERSION = YES;
				CLANG_WARN_INFINITE_RECURSION = YES;
				CLANG_WARN_INT_CONVERSION = YES;
				CLANG_WARN_NON_LITERAL_NULL_CONVERSION = YES;
				CLANG_WARN_OBJC_IMPLICIT_RETAIN_SELF = YES;
				CLANG_WARN_OBJC_LITERAL_CONVERSION = YES;
				CLANG_WARN_OBJC_ROOT_CLASS = YES_ERROR;
				CLANG_WARN_QUOTED_INCLUDE_IN_FRAMEWORK_HEADER = YES;
				CLANG_WARN_RANGE_LOOP_ANALYSIS = YES;
				CLANG_WARN_STRICT_PROTOTYPES = YES;
				CLANG_WARN_SUSPICIOUS_MOVE = YES;
				CLANG_WARN_UNGUARDED_AVAILABILITY = YES_AGGRESSIVE;
				CLANG_WARN_UNREACHABLE_CODE = YES;
				CLANG_WARN__DUPLICATE_METHOD_MATCH = YES;
				COPY_PHASE_STRIP = NO;
				DEBUG_INFORMATION_FORMAT = "dwarf-with-dsym";
				DEVELOPMENT_TEAM = 47U4934726;
				ENABLE_NS_ASSERTIONS = NO;
				ENABLE_STRICT_OBJC_MSGSEND = YES;
				ENABLE_USER_SCRIPT_SANDBOXING = YES;
				GCC_C_LANGUAGE_STANDARD = gnu17;
				GCC_NO_COMMON_BLOCKS = YES;
				GCC_WARN_64_TO_32_BIT_CONVERSION = YES;
				GCC_WARN_ABOUT_RETURN_TYPE = YES_ERROR;
				GCC_WARN_UNDECLARED_SELECTOR = YES;
				GCC_WARN_UNINITIALIZED_AUTOS = YES_AGGRESSIVE;
				GCC_WARN_UNUSED_FUNCTION = YES;
				GCC_WARN_UNUSED_VARIABLE = YES;
				IPHONEOS_DEPLOYMENT_TARGET = 18.4;
				LOCALIZATION_PREFERS_STRING_CATALOGS = YES;
				MTL_ENABLE_DEBUG_INFO = NO;
				MTL_FAST_MATH = YES;
				SDKROOT = iphoneos;
				STRING_CATALOG_GENERATE_SYMBOLS = YES;
				SWIFT_COMPILATION_MODE = wholemodule;
				VALIDATE_PRODUCT = YES;
			};
			name = Release;
		};
		966A57342DCA2F5C00879ACA /* Debug */ = {
			isa = XCBuildConfiguration;
			buildSettings = {
				BUNDLE_LOADER = "$(TEST_HOST)";
				CODE_SIGN_STYLE = Automatic;
				CURRENT_PROJECT_VERSION = 1;
				DEVELOPMENT_TEAM = 47U4934726;
				GENERATE_INFOPLIST_FILE = YES;
				IPHONEOS_DEPLOYMENT_TARGET = 18.4;
				MARKETING_VERSION = 1.0;
				PRODUCT_BUNDLE_IDENTIFIER = justApps.HatchEdTests;
				PRODUCT_NAME = "$(TARGET_NAME)";
				SWIFT_EMIT_LOC_STRINGS = NO;
				SWIFT_VERSION = 5.0;
				TARGETED_DEVICE_FAMILY = "1,2";
				TEST_HOST = "$(BUILT_PRODUCTS_DIR)/HatchEd.app/$(BUNDLE_EXECUTABLE_FOLDER_PATH)/HatchEd";
			};
			name = Debug;
		};
		966A57352DCA2F5C00879ACA /* Release */ = {
			isa = XCBuildConfiguration;
			buildSettings = {
				BUNDLE_LOADER = "$(TEST_HOST)";
				CODE_SIGN_STYLE = Automatic;
				CURRENT_PROJECT_VERSION = 1;
				DEVELOPMENT_TEAM = 47U4934726;
				GENERATE_INFOPLIST_FILE = YES;
				IPHONEOS_DEPLOYMENT_TARGET = 18.4;
				MARKETING_VERSION = 1.0;
				PRODUCT_BUNDLE_IDENTIFIER = justApps.HatchEdTests;
				PRODUCT_NAME = "$(TARGET_NAME)";
				SWIFT_EMIT_LOC_STRINGS = NO;
				SWIFT_VERSION = 5.0;
				TARGETED_DEVICE_FAMILY = "1,2";
				TEST_HOST = "$(BUILT_PRODUCTS_DIR)/HatchEd.app/$(BUNDLE_EXECUTABLE_FOLDER_PATH)/HatchEd";
			};
			name = Release;
		};
		966A57372DCA2F5C00879ACA /* Debug */ = {
			isa = XCBuildConfiguration;
			buildSettings = {
				CODE_SIGN_STYLE = Automatic;
				CURRENT_PROJECT_VERSION = 1;
				DEVELOPMENT_TEAM = 47U4934726;
				GENERATE_INFOPLIST_FILE = YES;
				MARKETING_VERSION = 1.0;
				PRODUCT_BUNDLE_IDENTIFIER = justApps.HatchEdUITests;
				PRODUCT_NAME = "$(TARGET_NAME)";
				SWIFT_EMIT_LOC_STRINGS = NO;
				SWIFT_VERSION = 5.0;
				TARGETED_DEVICE_FAMILY = "1,2";
				TEST_TARGET_NAME = HatchEd;
			};
			name = Debug;
		};
		966A57382DCA2F5C00879ACA /* Release */ = {
			isa = XCBuildConfiguration;
			buildSettings = {
				CODE_SIGN_STYLE = Automatic;
				CURRENT_PROJECT_VERSION = 1;
				DEVELOPMENT_TEAM = 47U4934726;
				GENERATE_INFOPLIST_FILE = YES;
				MARKETING_VERSION = 1.0;
				PRODUCT_BUNDLE_IDENTIFIER = justApps.HatchEdUITests;
				PRODUCT_NAME = "$(TARGET_NAME)";
				SWIFT_EMIT_LOC_STRINGS = NO;
				SWIFT_VERSION = 5.0;
				TARGETED_DEVICE_FAMILY = "1,2";
				TEST_TARGET_NAME = HatchEd;
			};
			name = Release;
		};
/* End XCBuildConfiguration section */

/* Begin XCConfigurationList section */
		966A57052DCA2F5A00879ACA /* Build configuration list for PBXProject "HatchEd" */ = {
			isa = XCConfigurationList;
			buildConfigurations = (
				966A57312DCA2F5C00879ACA /* Debug */,
				966A57322DCA2F5C00879ACA /* Release */,
			);
			defaultConfigurationIsVisible = 0;
			defaultConfigurationName = Release;
		};
		966A572E2DCA2F5C00879ACA /* Build configuration list for PBXNativeTarget "HatchEd" */ = {
			isa = XCConfigurationList;
			buildConfigurations = (
				966A572F2DCA2F5C00879ACA /* Debug */,
				966A57302DCA2F5C00879ACA /* Release */,
			);
			defaultConfigurationIsVisible = 0;
			defaultConfigurationName = Release;
		};
		966A57332DCA2F5C00879ACA /* Build configuration list for PBXNativeTarget "HatchEdTests" */ = {
			isa = XCConfigurationList;
			buildConfigurations = (
				966A57342DCA2F5C00879ACA /* Debug */,
				966A57352DCA2F5C00879ACA /* Release */,
			);
			defaultConfigurationIsVisible = 0;
			defaultConfigurationName = Release;
		};
		966A57362DCA2F5C00879ACA /* Build configuration list for PBXNativeTarget "HatchEdUITests" */ = {
			isa = XCConfigurationList;
			buildConfigurations = (
				966A57372DCA2F5C00879ACA /* Debug */,
				966A57382DCA2F5C00879ACA /* Release */,
			);
			defaultConfigurationIsVisible = 0;
			defaultConfigurationName = Release;
		};
/* End XCConfigurationList section */
	};
	rootObject = 966A57022DCA2F5A00879ACA /* Project object */;
}
