// !$*UTF8*$!
{
	archiveVersion = 1;
	classes = {
	};
	objectVersion = 77;
	objects = {

/* Begin PBXBuildFile section */
		9647C7102EC38148008B79B8 /* .gitignore in Resources */ = {isa = PBXBuildFile; fileRef = 9647C70F2EC38139008B79B8 /* .gitignore */; };
/* End PBXBuildFile section */

/* Begin PBXContainerItemProxy section */
		966A571C2DCA2F5C00879ACA /* PBXContainerItemProxy */ = {
			isa = PBXContainerItemProxy;
			containerPortal = 966A57022DCA2F5A00879ACA /* Project object */;
			proxyType = 1;
			remoteGlobalIDString = 966A57092DCA2F5A00879ACA;
			remoteInfo = HatchEd;
		};
		966A57262DCA2F5C00879ACA /* PBXContainerItemProxy */ = {
			isa = PBXContainerItemProxy;
			containerPortal = 966A57022DCA2F5A00879ACA /* Project object */;
			proxyType = 1;
			remoteGlobalIDString = 966A57092DCA2F5A00879ACA;
			remoteInfo = HatchEd;
		};
/* End PBXContainerItemProxy section */

/* Begin PBXFileReference section */
		9647C70F2EC38139008B79B8 /* .gitignore */ = {isa = PBXFileReference; lastKnownFileType = text; path = .gitignore; sourceTree = "<group>"; };
		966A570A2DCA2F5A00879ACA /* HatchEd.app */ = {isa = PBXFileReference; explicitFileType = wrapper.application; includeInIndex = 0; path = HatchEd.app; sourceTree = BUILT_PRODUCTS_DIR; };
		966A571B2DCA2F5C00879ACA /* HatchEdTests.xctest */ = {isa = PBXFileReference; explicitFileType = wrapper.cfbundle; includeInIndex = 0; path = HatchEdTests.xctest; sourceTree = BUILT_PRODUCTS_DIR; };
		966A57252DCA2F5C00879ACA /* HatchEdUITests.xctest */ = {isa = PBXFileReference; explicitFileType = wrapper.cfbundle; includeInIndex = 0; path = HatchEdUITests.xctest; sourceTree = BUILT_PRODUCTS_DIR; };
/* End PBXFileReference section */

/* Begin PBXFileSystemSynchronizedBuildFileExceptionSet section */
		9639ABA72EE46A070071909C /* Exceptions for "HatchEd" folder in "HatchEd" target */ = {
			isa = PBXFileSystemSynchronizedBuildFileExceptionSet;
			membershipExceptions = (
				Info.plist,
			);
			target = 966A57092DCA2F5A00879ACA /* HatchEd */;
		};
/* End PBXFileSystemSynchronizedBuildFileExceptionSet section */

/* Begin PBXFileSystemSynchronizedRootGroup section */
		9639612D2EE4671B0071909C /* HatchEd */ = {
			isa = PBXFileSystemSynchronizedRootGroup;
			exceptions = (
				9639ABA72EE46A070071909C /* Exceptions for "HatchEd" folder in "HatchEd" target */,
			);
			path = HatchEd;
			sourceTree = "<group>";
		};
		96398C742EE4671B0071909C /* server */ = {
			isa = PBXFileSystemSynchronizedRootGroup;
			path = server;
			sourceTree = "<group>";
		};
		966A571E2DCA2F5C00879ACA /* HatchEdTests */ = {
			isa = PBXFileSystemSynchronizedRootGroup;
			path = HatchEdTests;
			sourceTree = "<group>";
		};
		966A57282DCA2F5C00879ACA /* HatchEdUITests */ = {
			isa = PBXFileSystemSynchronizedRootGroup;
			path = HatchEdUITests;
			sourceTree = "<group>";
		};
/* End PBXFileSystemSynchronizedRootGroup section */

/* Begin PBXFrameworksBuildPhase section */
		966A57072DCA2F5A00879ACA /* Frameworks */ = {
			isa = PBXFrameworksBuildPhase;
			buildActionMask = 2147483647;
			files = (
			);
			runOnlyForDeploymentPostprocessing = 0;
		};
		966A57182DCA2F5C00879ACA /* Frameworks */ = {
			isa = PBXFrameworksBuildPhase;
			buildActionMask = 2147483647;
			files = (
			);
			runOnlyForDeploymentPostprocessing = 0;
		};
		966A57222DCA2F5C00879ACA /* Frameworks */ = {
			isa = PBXFrameworksBuildPhase;
			buildActionMask = 2147483647;
			files = (
			);
			runOnlyForDeploymentPostprocessing = 0;
		};
/* End PBXFrameworksBuildPhase section */

/* Begin PBXGroup section */
		966A57012DCA2F5A00879ACA = {
			isa = PBXGroup;
			children = (
				9639612D2EE4671B0071909C /* HatchEd */,
				96398C742EE4671B0071909C /* server */,
				966A571E2DCA2F5C00879ACA /* HatchEdTests */,
				966A57282DCA2F5C00879ACA /* HatchEdUITests */,
				966A570B2DCA2F5A00879ACA /* Products */,
				9647C70F2EC38139008B79B8 /* .gitignore */,
			);
			sourceTree = "<group>";
		};
		966A570B2DCA2F5A00879ACA /* Products */ = {
			isa = PBXGroup;
			children = (
				966A570A2DCA2F5A00879ACA /* HatchEd.app */,
				966A571B2DCA2F5C00879ACA /* HatchEdTests.xctest */,
				966A57252DCA2F5C00879ACA /* HatchEdUITests.xctest */,
			);
			name = Products;
			sourceTree = "<group>";
		};
/* End PBXGroup section */

/* Begin PBXNativeTarget section */
		966A57092DCA2F5A00879ACA /* HatchEd */ = {
			isa = PBXNativeTarget;
			buildConfigurationList = 966A572E2DCA2F5C00879ACA /* Build configuration list for PBXNativeTarget "HatchEd" */;
			buildPhases = (
				966A57062DCA2F5A00879ACA /* Sources */,
				966A57072DCA2F5A00879ACA /* Frameworks */,
				966A57082DCA2F5A00879ACA /* Resources */,
			);
			buildRules = (
			);
			dependencies = (
			);
			fileSystemSynchronizedGroups = (
				9639612D2EE4671B0071909C /* HatchEd */,
			);
			name = HatchEd;
			packageProductDependencies = (
				96BDCFBB2EEE1AD500049235 /* GoogleSignIn */,
			);
			productName = HatchEd;
			productReference = 966A570A2DCA2F5A00879ACA /* HatchEd.app */;
			productType = "com.apple.product-type.application";
		};
		966A571A2DCA2F5C00879ACA /* HatchEdTests */ = {
			isa = PBXNativeTarget;
			buildConfigurationList = 966A57332DCA2F5C00879ACA /* Build configuration list for PBXNativeTarget "HatchEdTests" */;
			buildPhases = (
				966A57172DCA2F5C00879ACA /* Sources */,
				966A57182DCA2F5C00879ACA /* Frameworks */,
				966A57192DCA2F5C00879ACA /* Resources */,
			);
			buildRules = (
			);
			dependencies = (
				966A571D2DCA2F5C00879ACA /* PBXTargetDependency */,
			);
			fileSystemSynchronizedGroups = (
				966A571E2DCA2F5C00879ACA /* HatchEdTests */,
			);
			name = HatchEdTests;
			packageProductDependencies = (
			);
			productName = HatchEdTests;
			productReference = 966A571B2DCA2F5C00879ACA /* HatchEdTests.xctest */;
			productType = "com.apple.product-type.bundle.unit-test";
		};
		966A57242DCA2F5C00879ACA /* HatchEdUITests */ = {
			isa = PBXNativeTarget;
			buildConfigurationList = 966A57362DCA2F5C00879ACA /* Build configuration list for PBXNativeTarget "HatchEdUITests" */;
			buildPhases = (
				966A57212DCA2F5C00879ACA /* Sources */,
				966A57222DCA2F5C00879ACA /* Frameworks */,
				966A57232DCA2F5C00879ACA /* Resources */,
			);
			buildRules = (
			);
			dependencies = (
				966A57272DCA2F5C00879ACA /* PBXTargetDependency */,
			);
			fileSystemSynchronizedGroups = (
				966A57282DCA2F5C00879ACA /* HatchEdUITests */,
			);
			name = HatchEdUITests;
			packageProductDependencies = (
			);
			productName = HatchEdUITests;
			productReference = 966A57252DCA2F5C00879ACA /* HatchEdUITests.xctest */;
			productType = "com.apple.product-type.bundle.ui-testing";
		};
/* End PBXNativeTarget section */

/* Begin PBXProject section */
		966A57022DCA2F5A00879ACA /* Project object */ = {
			isa = PBXProject;
			attributes = {
				BuildIndependentTargetsInParallel = 1;
				LastSwiftUpdateCheck = 1630;
				LastUpgradeCheck = 2610;
				TargetAttributes = {
					966A57092DCA2F5A00879ACA = {
						CreatedOnToolsVersion = 16.3;
					};
					966A571A2DCA2F5C00879ACA = {
						CreatedOnToolsVersion = 16.3;
						TestTargetID = 966A57092DCA2F5A00879ACA;
					};
					966A57242DCA2F5C00879ACA = {
						CreatedOnToolsVersion = 16.3;
						TestTargetID = 966A57092DCA2F5A00879ACA;
					};
				};
			};
			buildConfigurationList = 966A57052DCA2F5A00879ACA /* Build configuration list for PBXProject "HatchEd" */;
			developmentRegion = en;
			hasScannedForEncodings = 0;
			knownRegions = (
				en,
				Base,
			);
			mainGroup = 966A57012DCA2F5A00879ACA;
			minimizedProjectReferenceProxies = 1;
			packageReferences = (
				96BDCFBA2EEE1AD500049235 /* XCRemoteSwiftPackageReference "GoogleSignIn-iOS" */,
			);
			preferredProjectObjectVersion = 77;
			productRefGroup = 966A570B2DCA2F5A00879ACA /* Products */;
			projectDirPath = "";
			projectRoot = "";
			targets = (
				966A57092DCA2F5A00879ACA /* HatchEd */,
				966A571A2DCA2F5C00879ACA /* HatchEdTests */,
				966A57242DCA2F5C00879ACA /* HatchEdUITests */,
			);
		};
/* End PBXProject section */

/* Begin PBXResourcesBuildPhase section */
		966A57082DCA2F5A00879ACA /* Resources */ = {
			isa = PBXResourcesBuildPhase;
			buildActionMask = 2147483647;
			files = (
				9647C7102EC38148008B79B8 /* .gitignore in Resources */,
			);
			runOnlyForDeploymentPostprocessing = 0;
		};
		966A57192DCA2F5C00879ACA /* Resources */ = {
			isa = PBXResourcesBuildPhase;
			buildActionMask = 2147483647;
			files = (
			);
			runOnlyForDeploymentPostprocessing = 0;
		};
		966A57232DCA2F5C00879ACA /* Resources */ = {
			isa = PBXResourcesBuildPhase;
			buildActionMask = 2147483647;
			files = (
			);
			runOnlyForDeploymentPostprocessing = 0;
		};
/* End PBXResourcesBuildPhase section */

/* Begin PBXSourcesBuildPhase section */
		966A57062DCA2F5A00879ACA /* Sources */ = {
			isa = PBXSourcesBuildPhase;
			buildActionMask = 2147483647;
			files = (
			);
			runOnlyForDeploymentPostprocessing = 0;
		};
		966A57172DCA2F5C00879ACA /* Sources */ = {
			isa = PBXSourcesBuildPhase;
			buildActionMask = 2147483647;
			files = (
			);
			runOnlyForDeploymentPostprocessing = 0;
		};
		966A57212DCA2F5C00879ACA /* Sources */ = {
			isa = PBXSourcesBuildPhase;
			buildActionMask = 2147483647;
			files = (
			);
			runOnlyForDeploymentPostprocessing = 0;
		};
/* End PBXSourcesBuildPhase section */

/* Begin PBXTargetDependency section */
		966A571D2DCA2F5C00879ACA /* PBXTargetDependency */ = {
			isa = PBXTargetDependency;
			target = 966A57092DCA2F5A00879ACA /* HatchEd */;
			targetProxy = 966A571C2DCA2F5C00879ACA /* PBXContainerItemProxy */;
		};
		966A57272DCA2F5C00879ACA /* PBXTargetDependency */ = {
			isa = PBXTargetDependency;
			target = 966A57092DCA2F5A00879ACA /* HatchEd */;
			targetProxy = 966A57262DCA2F5C00879ACA /* PBXContainerItemProxy */;
		};
/* End PBXTargetDependency section */

/* Begin XCBuildConfiguration section */
		966A572F2DCA2F5C00879ACA /* Debug */ = {
			isa = XCBuildConfiguration;
			buildSettings = {
				ASSETCATALOG_COMPILER_APPICON_NAME = AppIcon;
				ASSETCATALOG_COMPILER_GLOBAL_ACCENT_COLOR_NAME = AccentColor;
				CODE_SIGN_ENTITLEMENTS = HatchEd/HatchEd.entitlements;
				CODE_SIGN_IDENTITY = "Apple Development";
				CODE_SIGN_STYLE = Automatic;
				CURRENT_PROJECT_VERSION = 1;
				DEVELOPMENT_TEAM = 47U4934726;
				ENABLE_APP_SANDBOX = YES;
				ENABLE_PREVIEWS = YES;
				ENABLE_USER_SELECTED_FILES = readonly;
				GENERATE_INFOPLIST_FILE = YES;
				INFOPLIST_FILE = HatchEd/Info.plist;
				INFOPLIST_KEY_LSApplicationCategoryType = "public.app-category.education";
				INFOPLIST_KEY_NSUserTrackingUsageDescription = "We use your iCloud account to securely sign you in and sync your data across devices.\nWe use your iCloud account to securely sign you in and sync your data across devices.\nWe use your iCloud account to securely sign you in and sync your data across devices.\n";
				INFOPLIST_KEY_UIApplicationSceneManifest_Generation = YES;
				INFOPLIST_KEY_UIApplicationSupportsIndirectInputEvents = YES;
				INFOPLIST_KEY_UILaunchScreen_Generation = YES;
				INFOPLIST_KEY_UISupportedInterfaceOrientations_iPad = "UIInterfaceOrientationPortrait UIInterfaceOrientationPortraitUpsideDown UIInterfaceOrientationLandscapeLeft UIInterfaceOrientationLandscapeRight";
				INFOPLIST_KEY_UISupportedInterfaceOrientations_iPhone = "UIInterfaceOrientationPortrait UIInterfaceOrientationLandscapeLeft UIInterfaceOrientationLandscapeRight";
				LD_RUNPATH_SEARCH_PATHS = (
					"$(inherited)",
					"@executable_path/Frameworks",
				);
				MARKETING_VERSION = 1.0;
				PRODUCT_BUNDLE_IDENTIFIER = com.sandijunker.HatchEd;
				PRODUCT_NAME = "$(TARGET_NAME)";
				PROVISIONING_PROFILE_SPECIFIER = "";
				SWIFT_EMIT_LOC_STRINGS = YES;
				SWIFT_VERSION = 5.0;
				TARGETED_DEVICE_FAMILY = "1,2";
			};
			name = Debug;
		};
		966A57302DCA2F5C00879ACA /* Release */ = {
			isa = XCBuildConfiguration;
			buildSettings = {
				ASSETCATALOG_COMPILER_APPICON_NAME = AppIcon;
				ASSETCATALOG_COMPILER_GLOBAL_ACCENT_COLOR_NAME = AccentColor;
				CODE_SIGN_ENTITLEMENTS = HatchEd/HatchEd.entitlements;
				CODE_SIGN_IDENTITY = "Apple Development";
				CODE_SIGN_STYLE = Automatic;
				CURRENT_PROJECT_VERSION = 1;
				DEVELOPMENT_TEAM = 47U4934726;
				ENABLE_APP_SANDBOX = YES;
				ENABLE_PREVIEWS = YES;
				ENABLE_USER_SELECTED_FILES = readonly;
				GENERATE_INFOPLIST_FILE = YES;
				INFOPLIST_FILE = HatchEd/Info.plist;
				INFOPLIST_KEY_LSApplicationCategoryType = "public.app-category.education";
				INFOPLIST_KEY_NSUserTrackingUsageDescription = "We use your iCloud account to securely sign you in and sync your data across devices.\nWe use your iCloud account to securely sign you in and sync your data across devices.\nWe use your iCloud account to securely sign you in and sync your data across devices.\n";
				INFOPLIST_KEY_UIApplicationSceneManifest_Generation = YES;
				INFOPLIST_KEY_UIApplicationSupportsIndirectInputEvents = YES;
				INFOPLIST_KEY_UILaunchScreen_Generation = YES;
				INFOPLIST_KEY_UISupportedInterfaceOrientations_iPad = "UIInterfaceOrientationPortrait UIInterfaceOrientationPortraitUpsideDown UIInterfaceOrientationLandscapeLeft UIInterfaceOrientationLandscapeRight";
				INFOPLIST_KEY_UISupportedInterfaceOrientations_iPhone = "UIInterfaceOrientationPortrait UIInterfaceOrientationLandscapeLeft UIInterfaceOrientationLandscapeRight";
				LD_RUNPATH_SEARCH_PATHS = (
					"$(inherited)",
					"@executable_path/Frameworks",
				);
				MARKETING_VERSION = 1.0;
				PRODUCT_BUNDLE_IDENTIFIER = com.sandijunker.HatchEd;
				PRODUCT_NAME = "$(TARGET_NAME)";
				PROVISIONING_PROFILE_SPECIFIER = "";
				SWIFT_EMIT_LOC_STRINGS = YES;
				SWIFT_VERSION = 5.0;
				TARGETED_DEVICE_FAMILY = "1,2";
			};
			name = Release;
		};
		966A57312DCA2F5C00879ACA /* Debug */ = {
			isa = XCBuildConfiguration;
			buildSettings = {
				ALWAYS_SEARCH_USER_PATHS = NO;
				ASSETCATALOG_COMPILER_GENERATE_SWIFT_ASSET_SYMBOL_EXTENSIONS = YES;
				CLANG_ANALYZER_NONNULL = YES;
				CLANG_ANALYZER_NUMBER_OBJECT_CONVERSION = YES_AGGRESSIVE;
				CLANG_CXX_LANGUAGE_STANDARD = "gnu++20";
				CLANG_ENABLE_MODULES = YES;
				CLANG_ENABLE_OBJC_ARC = YES;
				CLANG_ENABLE_OBJC_WEAK = YES;
				CLANG_WARN_BLOCK_CAPTURE_AUTORELEASING = YES;
				CLANG_WARN_BOOL_CONVERSION = YES;
				CLANG_WARN_COMMA = YES;
				CLANG_WARN_CONSTANT_CONVERSION = YES;
				CLANG_WARN_DEPRECATED_OBJC_IMPLEMENTATIONS = YES;
				CLANG_WARN_DIRECT_OBJC_ISA_USAGE = YES_ERROR;
				CLANG_WARN_DOCUMENTATION_COMMENTS = YES;
				CLANG_WARN_EMPTY_BODY = YES;
				CLANG_WARN_ENUM_CONVERSION = YES;
				CLANG_WARN_INFINITE_RECURSION = YES;
				CLANG_WARN_INT_CONVERSION = YES;
				CLANG_WARN_NON_LITERAL_NULL_CONVERSION = YES;
				CLANG_WARN_OBJC_IMPLICIT_RETAIN_SELF = YES;
				CLANG_WARN_OBJC_LITERAL_CONVERSION = YES;
				CLANG_WARN_OBJC_ROOT_CLASS = YES_ERROR;
				CLANG_WARN_QUOTED_INCLUDE_IN_FRAMEWORK_HEADER = YES;
				CLANG_WARN_RANGE_LOOP_ANALYSIS = YES;
				CLANG_WARN_STRICT_PROTOTYPES = YES;
				CLANG_WARN_SUSPICIOUS_MOVE = YES;
				CLANG_WARN_UNGUARDED_AVAILABILITY = YES_AGGRESSIVE;
				CLANG_WARN_UNREACHABLE_CODE = YES;
				CLANG_WARN__DUPLICATE_METHOD_MATCH = YES;
				COPY_PHASE_STRIP = NO;
				DEBUG_INFORMATION_FORMAT = dwarf;
				DEVELOPMENT_TEAM = 47U4934726;
				ENABLE_STRICT_OBJC_MSGSEND = YES;
				ENABLE_TESTABILITY = YES;
				ENABLE_USER_SCRIPT_SANDBOXING = YES;
				GCC_C_LANGUAGE_STANDARD = gnu17;
				GCC_DYNAMIC_NO_PIC = NO;
				GCC_NO_COMMON_BLOCKS = YES;
				GCC_OPTIMIZATION_LEVEL = 0;
				GCC_PREPROCESSOR_DEFINITIONS = (
					"DEBUG=1",
					"$(inherited)",
				);
				GCC_WARN_64_TO_32_BIT_CONVERSION = YES;
				GCC_WARN_ABOUT_RETURN_TYPE = YES_ERROR;
				GCC_WARN_UNDECLARED_SELECTOR = YES;
				GCC_WARN_UNINITIALIZED_AUTOS = YES_AGGRESSIVE;
				GCC_WARN_UNUSED_FUNCTION = YES;
				GCC_WARN_UNUSED_VARIABLE = YES;
				IPHONEOS_DEPLOYMENT_TARGET = 18.4;
				LOCALIZATION_PREFERS_STRING_CATALOGS = YES;
				MTL_ENABLE_DEBUG_INFO = INCLUDE_SOURCE;
				MTL_FAST_MATH = YES;
				ONLY_ACTIVE_ARCH = YES;
				SDKROOT = iphoneos;
				STRING_CATALOG_GENERATE_SYMBOLS = YES;
				SWIFT_ACTIVE_COMPILATION_CONDITIONS = "DEBUG $(inherited)";
				SWIFT_OPTIMIZATION_LEVEL = "-Onone";
			};
			name = Debug;
		};
		966A57322DCA2F5C00879ACA /* Release */ = {
			isa = XCBuildConfiguration;
			buildSettings = {
				ALWAYS_SEARCH_USER_PATHS = NO;
				ASSETCATALOG_COMPILER_GENERATE_SWIFT_ASSET_SYMBOL_EXTENSIONS = YES;
				CLANG_ANALYZER_NONNULL = YES;
				CLANG_ANALYZER_NUMBER_OBJECT_CONVERSION = YES_AGGRESSIVE;
				CLANG_CXX_LANGUAGE_STANDARD = "gnu++20";
				CLANG_ENABLE_MODULES = YES;
				CLANG_ENABLE_OBJC_ARC = YES;
				CLANG_ENABLE_OBJC_WEAK = YES;
				CLANG_WARN_BLOCK_CAPTURE_AUTORELEASING = YES;
				CLANG_WARN_BOOL_CONVERSION = YES;
				CLANG_WARN_COMMA = YES;
				CLANG_WARN_CONSTANT_CONVERSION = YES;
				CLANG_WARN_DEPRECATED_OBJC_IMPLEMENTATIONS = YES;
				CLANG_WARN_DIRECT_OBJC_ISA_USAGE = YES_ERROR;
				CLANG_WARN_DOCUMENTATION_COMMENTS = YES;
				CLANG_WARN_EMPTY_BODY = YES;
				CLANG_WARN_ENUM_CONVERSION = YES;
				CLANG_WARN_INFINITE_RECURSION = YES;
				CLANG_WARN_INT_CONVERSION = YES;
				CLANG_WARN_NON_LITERAL_NULL_CONVERSION = YES;
				CLANG_WARN_OBJC_IMPLICIT_RETAIN_SELF = YES;
				CLANG_WARN_OBJC_LITERAL_CONVERSION = YES;
				CLANG_WARN_OBJC_ROOT_CLASS = YES_ERROR;
				CLANG_WARN_QUOTED_INCLUDE_IN_FRAMEWORK_HEADER = YES;
				CLANG_WARN_RANGE_LOOP_ANALYSIS = YES;
				CLANG_WARN_STRICT_PROTOTYPES = YES;
				CLANG_WARN_SUSPICIOUS_MOVE = YES;
				CLANG_WARN_UNGUARDED_AVAILABILITY = YES_AGGRESSIVE;
				CLANG_WARN_UNREACHABLE_CODE = YES;
				CLANG_WARN__DUPLICATE_METHOD_MATCH = YES;
				COPY_PHASE_STRIP = NO;
				DEBUG_INFORMATION_FORMAT = "dwarf-with-dsym";
				DEVELOPMENT_TEAM = 47U4934726;
				ENABLE_NS_ASSERTIONS = NO;
				ENABLE_STRICT_OBJC_MSGSEND = YES;
				ENABLE_USER_SCRIPT_SANDBOXING = YES;
				GCC_C_LANGUAGE_STANDARD = gnu17;
				GCC_NO_COMMON_BLOCKS = YES;
				GCC_WARN_64_TO_32_BIT_CONVERSION = YES;
				GCC_WARN_ABOUT_RETURN_TYPE = YES_ERROR;
				GCC_WARN_UNDECLARED_SELECTOR = YES;
				GCC_WARN_UNINITIALIZED_AUTOS = YES_AGGRESSIVE;
				GCC_WARN_UNUSED_FUNCTION = YES;
				GCC_WARN_UNUSED_VARIABLE = YES;
				IPHONEOS_DEPLOYMENT_TARGET = 18.4;
				LOCALIZATION_PREFERS_STRING_CATALOGS = YES;
				MTL_ENABLE_DEBUG_INFO = NO;
				MTL_FAST_MATH = YES;
				SDKROOT = iphoneos;
				STRING_CATALOG_GENERATE_SYMBOLS = YES;
				SWIFT_COMPILATION_MODE = wholemodule;
				VALIDATE_PRODUCT = YES;
			};
			name = Release;
		};
		966A57342DCA2F5C00879ACA /* Debug */ = {
			isa = XCBuildConfiguration;
			buildSettings = {
				BUNDLE_LOADER = "$(TEST_HOST)";
				CODE_SIGN_STYLE = Automatic;
				CURRENT_PROJECT_VERSION = 1;
				DEVELOPMENT_TEAM = 47U4934726;
				GENERATE_INFOPLIST_FILE = YES;
				IPHONEOS_DEPLOYMENT_TARGET = 18.4;
				MARKETING_VERSION = 1.0;
				PRODUCT_BUNDLE_IDENTIFIER = justApps.HatchEdTests;
				PRODUCT_NAME = "$(TARGET_NAME)";
				SWIFT_EMIT_LOC_STRINGS = NO;
				SWIFT_VERSION = 5.0;
				TARGETED_DEVICE_FAMILY = "1,2";
				TEST_HOST = "$(BUILT_PRODUCTS_DIR)/HatchEd.app/$(BUNDLE_EXECUTABLE_FOLDER_PATH)/HatchEd";
			};
			name = Debug;
		};
		966A57352DCA2F5C00879ACA /* Release */ = {
			isa = XCBuildConfiguration;
			buildSettings = {
				BUNDLE_LOADER = "$(TEST_HOST)";
				CODE_SIGN_STYLE = Automatic;
				CURRENT_PROJECT_VERSION = 1;
				DEVELOPMENT_TEAM = 47U4934726;
				GENERATE_INFOPLIST_FILE = YES;
				IPHONEOS_DEPLOYMENT_TARGET = 18.4;
				MARKETING_VERSION = 1.0;
				PRODUCT_BUNDLE_IDENTIFIER = justApps.HatchEdTests;
				PRODUCT_NAME = "$(TARGET_NAME)";
				SWIFT_EMIT_LOC_STRINGS = NO;
				SWIFT_VERSION = 5.0;
				TARGETED_DEVICE_FAMILY = "1,2";
				TEST_HOST = "$(BUILT_PRODUCTS_DIR)/HatchEd.app/$(BUNDLE_EXECUTABLE_FOLDER_PATH)/HatchEd";
			};
			name = Release;
		};
		966A57372DCA2F5C00879ACA /* Debug */ = {
			isa = XCBuildConfiguration;
			buildSettings = {
				CODE_SIGN_STYLE = Automatic;
				CURRENT_PROJECT_VERSION = 1;
				DEVELOPMENT_TEAM = 47U4934726;
				GENERATE_INFOPLIST_FILE = YES;
				MARKETING_VERSION = 1.0;
				PRODUCT_BUNDLE_IDENTIFIER = justApps.HatchEdUITests;
				PRODUCT_NAME = "$(TARGET_NAME)";
				SWIFT_EMIT_LOC_STRINGS = NO;
				SWIFT_VERSION = 5.0;
				TARGETED_DEVICE_FAMILY = "1,2";
				TEST_TARGET_NAME = HatchEd;
			};
			name = Debug;
		};
		966A57382DCA2F5C00879ACA /* Release */ = {
			isa = XCBuildConfiguration;
			buildSettings = {
				CODE_SIGN_STYLE = Automatic;
				CURRENT_PROJECT_VERSION = 1;
				DEVELOPMENT_TEAM = 47U4934726;
				GENERATE_INFOPLIST_FILE = YES;
				MARKETING_VERSION = 1.0;
				PRODUCT_BUNDLE_IDENTIFIER = justApps.HatchEdUITests;
				PRODUCT_NAME = "$(TARGET_NAME)";
				SWIFT_EMIT_LOC_STRINGS = NO;
				SWIFT_VERSION = 5.0;
				TARGETED_DEVICE_FAMILY = "1,2";
				TEST_TARGET_NAME = HatchEd;
			};
			name = Release;
		};
/* End XCBuildConfiguration section */

/* Begin XCConfigurationList section */
		966A57052DCA2F5A00879ACA /* Build configuration list for PBXProject "HatchEd" */ = {
			isa = XCConfigurationList;
			buildConfigurations = (
				966A57312DCA2F5C00879ACA /* Debug */,
				966A57322DCA2F5C00879ACA /* Release */,
			);
			defaultConfigurationIsVisible = 0;
			defaultConfigurationName = Release;
		};
		966A572E2DCA2F5C00879ACA /* Build configuration list for PBXNativeTarget "HatchEd" */ = {
			isa = XCConfigurationList;
			buildConfigurations = (
				966A572F2DCA2F5C00879ACA /* Debug */,
				966A57302DCA2F5C00879ACA /* Release */,
			);
			defaultConfigurationIsVisible = 0;
			defaultConfigurationName = Release;
		};
		966A57332DCA2F5C00879ACA /* Build configuration list for PBXNativeTarget "HatchEdTests" */ = {
			isa = XCConfigurationList;
			buildConfigurations = (
				966A57342DCA2F5C00879ACA /* Debug */,
				966A57352DCA2F5C00879ACA /* Release */,
			);
			defaultConfigurationIsVisible = 0;
			defaultConfigurationName = Release;
		};
		966A57362DCA2F5C00879ACA /* Build configuration list for PBXNativeTarget "HatchEdUITests" */ = {
			isa = XCConfigurationList;
			buildConfigurations = (
				966A57372DCA2F5C00879ACA /* Debug */,
				966A57382DCA2F5C00879ACA /* Release */,
			);
			defaultConfigurationIsVisible = 0;
			defaultConfigurationName = Release;
		};
/* End XCConfigurationList section */

/* Begin XCRemoteSwiftPackageReference section */
		96BDCFBA2EEE1AD500049235 /* XCRemoteSwiftPackageReference "GoogleSignIn-iOS" */ = {
			isa = XCRemoteSwiftPackageReference;
			repositoryURL = "https://github.com/google/GoogleSignIn-iOS";
			requirement = {
				kind = upToNextMajorVersion;
				minimumVersion = 9.0.0;
			};
		};
/* End XCRemoteSwiftPackageReference section */

/* Begin XCSwiftPackageProductDependency section */
		96BDCFBB2EEE1AD500049235 /* GoogleSignIn */ = {
			isa = XCSwiftPackageProductDependency;
			package = 96BDCFBA2EEE1AD500049235 /* XCRemoteSwiftPackageReference "GoogleSignIn-iOS" */;
			productName = GoogleSignIn;
		};
/* End XCSwiftPackageProductDependency section */
	};
	rootObject = 966A57022DCA2F5A00879ACA /* Project object */;
}
